
Microsoft Visual Studio Solution File, Format Version 12.00
# Visual Studio 15
VisualStudioVersion = 15.0.28307.1259
MinimumVisualStudioVersion = 10.0.40219.1
Project("{FAE04EC0-301F-11D3-BF4B-00C04F79EFBC}") = "AlkemyLabs - Challenge", "AlkemyLabs - Challenge\AlkemyLabs - Challenge.csproj", "{34300557-676F-412E-AE91-16C49018B872}"
EndProject
Global
	GlobalSection(SolutionConfigurationPlatforms) = preSolution
		Debug|Any CPU = Debug|Any CPU
		Release|Any CPU = Release|Any CPU
	EndGlobalSection
	GlobalSection(ProjectConfigurationPlatforms) = postSolution
		{34300557-676F-412E-AE91-16C49018B872}.Debug|Any CPU.ActiveCfg = Debug|Any CPU
		{34300557-676F-412E-AE91-16C49018B872}.Debug|Any CPU.Build.0 = Debug|Any CPU
		{34300557-676F-412E-AE91-16C49018B872}.Release|Any CPU.ActiveCfg = Release|Any CPU
		{34300557-676F-412E-AE91-16C49018B872}.Release|Any CPU.Build.0 = Release|Any CPU
	EndGlobalSection
	GlobalSection(SolutionProperties) = preSolution
		HideSolutionNode = FALSE
	EndGlobalSection
	GlobalSection(ExtensibilityGlobals) = postSolution
		SolutionGuid = {1A0B5849-CDCC-44FA-B113-F48E9F554067}
	EndGlobalSection
EndGlobal
